{
  "name": "netlify-functions-lab",
  "lockfileVersion": 3,
  "requires": true,
  "packages": {
    "": {
      "dependencies": {
        "@netlify/functions": "^5.0.0"
      }
    },
    "node_modules/@netlify/functions": {
      "version": "5.0.0",
      "resolved": "https://registry.npmjs.org/@netlify/functions/-/functions-5.0.0.tgz",
      "integrity": "sha512-gyKzl+P5SPp6P4iqykwPagSy7ODgRoQqi9TkjFJjM74FVJgxdiBQoLAmz+Pjl7kE5avJWtIvlQ+akAFaChekQQ==",
      "license": "MIT",
      "dependencies": {
        "@netlify/types": "2.1.0"
      },
      "engines": {
        "node": ">=18.0.0"
      }
    },
    "node_modules/@netlify/types": {
      "version": "2.1.0",
      "resolved": "https://registry.npmjs.org/@netlify/types/-/types-2.1.0.tgz",
      "integrity": "sha512-ktUb5d58pt1lQGXO5E9S0F1ljM0g+CoQuGTVII0IxBc0apmPq5RI0o3OWLY7U3ZERRiYTg5UfjiMihBEzuZsuw==",
      "license": "MIT",
      "engines": {
        "node": "^18.14.0 || >=20"
      }
    }
  }
}
